# This file was autogenerated by Stack.
# You should not edit this file by hand.
# For more information, please see the documentation at:
#   https://docs.haskellstack.org/en/stable/lock_files

packages:
- completed:
    name: graphql-parser
    version: 0.2.0.0
    git: git@github.com:hasura/graphql-parser-hs.git
    pantry-tree:
      size: 1111
      sha256: 318994c85f652fe4c1897d282bd68e4420e7f53dbf69b70076206720e8324bd0
    commit: 36212bcc3815434a1bc25dc96f091a783b880ca4
  original:
    git: git@github.com:hasura/graphql-parser-hs.git
    commit: 36212bcc3815434a1bc25dc96f091a783b880ca4
snapshots:
- completed:
    size: 585393
    url: https://raw.githubusercontent.com/commercialhaskell/stackage-snapshots/master/lts/18/0.yaml
    sha256: c632012da648385b9fa3c29f4e0afd56ead299f1c5528ee789058be410e883c0
  original: lts-18.0
